
Microsoft Visual Studio Solution File, Format Version 12.00
# Visual Studio Version 16
VisualStudioVersion = 16.0.31205.134
MinimumVisualStudioVersion = 10.0.40219.1
Project("{F184B08F-C81C-45F6-A57F-5ABD9991F28F}") = "ModifAuto.Net2010", "ModifAuto.Net2010\ModifAuto.Net2010.vbproj", "{C50810A4-CD11-4F75-A46D-1D57A32CC8FD}"
EndProject
Project("{2150E333-8FDC-42A3-9474-1A3956D46DE8}") = "Solution Items", "Solution Items", "{DFCCBF1C-11CD-49F8-84FB-1FC88961033C}"
EndProject
Global
	GlobalSection(SolutionConfigurationPlatforms) = preSolution
		Debug|x64 = Debug|x64
		Debug|x86 = Debug|x86
		Publier|x64 = Publier|x64
		Publier|x86 = Publier|x86
		Release|x64 = Release|x64
		Release|x86 = Release|x86
		tes|x64 = tes|x64
		tes|x86 = tes|x86
	EndGlobalSection
	GlobalSection(ProjectConfigurationPlatforms) = postSolution
		{C50810A4-CD11-4F75-A46D-1D57A32CC8FD}.Debug|x64.ActiveCfg = Debug|x64
		{C50810A4-CD11-4F75-A46D-1D57A32CC8FD}.Debug|x64.Build.0 = Debug|x64
		{C50810A4-CD11-4F75-A46D-1D57A32CC8FD}.Debug|x86.ActiveCfg = Debug|x86
		{C50810A4-CD11-4F75-A46D-1D57A32CC8FD}.Debug|x86.Build.0 = Debug|x86
		{C50810A4-CD11-4F75-A46D-1D57A32CC8FD}.Publier|x64.ActiveCfg = Publier|x64
		{C50810A4-CD11-4F75-A46D-1D57A32CC8FD}.Publier|x64.Build.0 = Publier|x64
		{C50810A4-CD11-4F75-A46D-1D57A32CC8FD}.Publier|x86.ActiveCfg = Publier|x86
		{C50810A4-CD11-4F75-A46D-1D57A32CC8FD}.Publier|x86.Build.0 = Publier|x86
		{C50810A4-CD11-4F75-A46D-1D57A32CC8FD}.Release|x64.ActiveCfg = Release|x64
		{C50810A4-CD11-4F75-A46D-1D57A32CC8FD}.Release|x64.Build.0 = Release|x64
		{C50810A4-CD11-4F75-A46D-1D57A32CC8FD}.Release|x86.ActiveCfg = Release|x86
		{C50810A4-CD11-4F75-A46D-1D57A32CC8FD}.Release|x86.Build.0 = Release|x86
		{C50810A4-CD11-4F75-A46D-1D57A32CC8FD}.tes|x64.ActiveCfg = Release|x64
		{C50810A4-CD11-4F75-A46D-1D57A32CC8FD}.tes|x86.ActiveCfg = Release|x86
	EndGlobalSection
	GlobalSection(SolutionProperties) = preSolution
		HideSolutionNode = FALSE
	EndGlobalSection
	GlobalSection(ExtensibilityGlobals) = postSolution
		SolutionGuid = {9ACD4531-71F1-43EB-88F6-8E5657E485A8}
	EndGlobalSection
	GlobalSection(Performance) = preSolution
		HasPerformanceSessions = true
	EndGlobalSection
EndGlobal
